
Microsoft Visual Studio Solution File, Format Version 11.00
# Visual C++ Express 2010
Project("{8BC9CEB8-8B4A-11D0-8D11-00A0C91BC942}") = "BookVS2010GLBasic", "BookVS2010GLBasic\BookVS2010GLBasic.vcxproj", "{F5E630B8-EF7E-4688-B4AD-6980E0BE9AF5}"
EndProject
Global
	GlobalSection(SolutionConfigurationPlatforms) = preSolution
		Debug|Win32 = Debug|Win32
		Release|Win32 = Release|Win32
	EndGlobalSection
	GlobalSection(ProjectConfigurationPlatforms) = postSolution
		{F5E630B8-EF7E-4688-B4AD-6980E0BE9AF5}.Debug|Win32.ActiveCfg = Debug|Win32
		{F5E630B8-EF7E-4688-B4AD-6980E0BE9AF5}.Debug|Win32.Build.0 = Debug|Win32
		{F5E630B8-EF7E-4688-B4AD-6980E0BE9AF5}.Release|Win32.ActiveCfg = Release|Win32
		{F5E630B8-EF7E-4688-B4AD-6980E0BE9AF5}.Release|Win32.Build.0 = Release|Win32
	EndGlobalSection
	GlobalSection(SolutionProperties) = preSolution
		HideSolutionNode = FALSE
	EndGlobalSection
EndGlobal
