
Microsoft Visual Studio Solution File, Format Version 11.00
# Visual Studio 2010
Project("{8BC9CEB8-8B4A-11D0-8D11-00A0C91BC942}") = "FBXLoader", "FBXLoader.vcxproj", "{5D861673-8D02-4FA2-A038-FE503AE51385}"
EndProject
Global
	GlobalSection(SolutionConfigurationPlatforms) = preSolution
		Debug|Win32 = Debug|Win32
		Release|Win32 = Release|Win32
	EndGlobalSection
	GlobalSection(ProjectConfigurationPlatforms) = postSolution
		{5D861673-8D02-4FA2-A038-FE503AE51385}.Debug|Win32.ActiveCfg = Debug|Win32
		{5D861673-8D02-4FA2-A038-FE503AE51385}.Debug|Win32.Build.0 = Debug|Win32
		{5D861673-8D02-4FA2-A038-FE503AE51385}.Release|Win32.ActiveCfg = Release|Win32
		{5D861673-8D02-4FA2-A038-FE503AE51385}.Release|Win32.Build.0 = Release|Win32
	EndGlobalSection
	GlobalSection(SolutionProperties) = preSolution
		HideSolutionNode = FALSE
	EndGlobalSection
EndGlobal
